
Microsoft Visual Studio Solution File, Format Version 12.00
# Visual Studio Version 17
VisualStudioVersion = 17.14.36212.18
MinimumVisualStudioVersion = 10.0.40219.1
Project("{FAE04EC0-301F-11D3-BF4B-00C04F79EFBC}") = "ITAdmin.Maui", "ITAdmin.Maui\ITAdmin.Maui.csproj", "{5911B1FC-8AE7-4226-8106-DBE521C6B888}"
EndProject
Project("{FAE04EC0-301F-11D3-BF4B-00C04F79EFBC}") = "ITAdmin.Shared", "ITAdmin.Shared\ITAdmin.Shared.csproj", "{C07FAEDA-FBD9-4E5E-BF2E-4F70CB032827}"
EndProject
Project("{FAE04EC0-301F-11D3-BF4B-00C04F79EFBC}") = "MacSystemDetector", "MacSystemDetector\MacSystemDetector.csproj", "{D7FEB507-1B2E-48BB-A912-B57E8D7A446C}"
EndProject
Global
	GlobalSection(SolutionConfigurationPlatforms) = preSolution
		Debug|Any CPU = Debug|Any CPU
		Release|Any CPU = Release|Any CPU
	EndGlobalSection
	GlobalSection(ProjectConfigurationPlatforms) = postSolution
		{5911B1FC-8AE7-4226-8106-DBE521C6B888}.Debug|Any CPU.ActiveCfg = Debug|Any CPU
		{5911B1FC-8AE7-4226-8106-DBE521C6B888}.Debug|Any CPU.Build.0 = Debug|Any CPU
		{5911B1FC-8AE7-4226-8106-DBE521C6B888}.Debug|Any CPU.Deploy.0 = Debug|Any CPU
		{5911B1FC-8AE7-4226-8106-DBE521C6B888}.Release|Any CPU.ActiveCfg = Release|Any CPU
		{5911B1FC-8AE7-4226-8106-DBE521C6B888}.Release|Any CPU.Build.0 = Release|Any CPU
		{C07FAEDA-FBD9-4E5E-BF2E-4F70CB032827}.Debug|Any CPU.ActiveCfg = Debug|Any CPU
		{C07FAEDA-FBD9-4E5E-BF2E-4F70CB032827}.Debug|Any CPU.Build.0 = Debug|Any CPU
		{C07FAEDA-FBD9-4E5E-BF2E-4F70CB032827}.Release|Any CPU.ActiveCfg = Release|Any CPU
		{C07FAEDA-FBD9-4E5E-BF2E-4F70CB032827}.Release|Any CPU.Build.0 = Release|Any CPU
		{D7FEB507-1B2E-48BB-A912-B57E8D7A446C}.Debug|Any CPU.ActiveCfg = Debug|Any CPU
		{D7FEB507-1B2E-48BB-A912-B57E8D7A446C}.Debug|Any CPU.Build.0 = Debug|Any CPU
		{D7FEB507-1B2E-48BB-A912-B57E8D7A446C}.Release|Any CPU.ActiveCfg = Release|Any CPU
		{D7FEB507-1B2E-48BB-A912-B57E8D7A446C}.Release|Any CPU.Build.0 = Release|Any CPU
	EndGlobalSection
	GlobalSection(SolutionProperties) = preSolution
		HideSolutionNode = FALSE
	EndGlobalSection
	GlobalSection(ExtensibilityGlobals) = postSolution
		SolutionGuid = {36232288-74CB-4B50-A6E4-032B0D4664D6}
	EndGlobalSection
EndGlobal
